
Microsoft Visual Studio Solution File, Format Version 12.00
# Visual Studio Version 16
VisualStudioVersion = 16.0.28729.10
MinimumVisualStudioVersion = 10.0.40219.1
Project("{2150E333-8FDC-42A3-9474-1A3956D46DE8}") = "src", "src", "{6ABC4131-688B-4600-BAD7-28FF7AD96270}"
EndProject
Project("{2150E333-8FDC-42A3-9474-1A3956D46DE8}") = "test", "test", "{5094A6B8-0C93-4597-A504-32186D2EC1AD}"
EndProject
Project("{FAE04EC0-301F-11D3-BF4B-00C04F79EFBC}") = "E.EntityFrameworkCore.Extensions", "src\E.EntityFrameworkCore.Extensions\E.EntityFrameworkCore.Extensions.csproj", "{7C10C016-5B7C-4EF5-AC59-2B6DFC11F0C9}"
EndProject
Project("{FAE04EC0-301F-11D3-BF4B-00C04F79EFBC}") = "TestWebApp", "test\TestWebApp\TestWebApp.csproj", "{8B3AE71E-5136-4EF5-A3FD-5A66C5F71108}"
EndProject
Global
	GlobalSection(SolutionConfigurationPlatforms) = preSolution
		Debug|Any CPU = Debug|Any CPU
		Release|Any CPU = Release|Any CPU
	EndGlobalSection
	GlobalSection(ProjectConfigurationPlatforms) = postSolution
		{7C10C016-5B7C-4EF5-AC59-2B6DFC11F0C9}.Debug|Any CPU.ActiveCfg = Debug|Any CPU
		{7C10C016-5B7C-4EF5-AC59-2B6DFC11F0C9}.Debug|Any CPU.Build.0 = Debug|Any CPU
		{7C10C016-5B7C-4EF5-AC59-2B6DFC11F0C9}.Release|Any CPU.ActiveCfg = Release|Any CPU
		{7C10C016-5B7C-4EF5-AC59-2B6DFC11F0C9}.Release|Any CPU.Build.0 = Release|Any CPU
		{8B3AE71E-5136-4EF5-A3FD-5A66C5F71108}.Debug|Any CPU.ActiveCfg = Debug|Any CPU
		{8B3AE71E-5136-4EF5-A3FD-5A66C5F71108}.Debug|Any CPU.Build.0 = Debug|Any CPU
		{8B3AE71E-5136-4EF5-A3FD-5A66C5F71108}.Release|Any CPU.ActiveCfg = Release|Any CPU
		{8B3AE71E-5136-4EF5-A3FD-5A66C5F71108}.Release|Any CPU.Build.0 = Release|Any CPU
	EndGlobalSection
	GlobalSection(SolutionProperties) = preSolution
		HideSolutionNode = FALSE
	EndGlobalSection
	GlobalSection(NestedProjects) = preSolution
		{7C10C016-5B7C-4EF5-AC59-2B6DFC11F0C9} = {6ABC4131-688B-4600-BAD7-28FF7AD96270}
		{8B3AE71E-5136-4EF5-A3FD-5A66C5F71108} = {5094A6B8-0C93-4597-A504-32186D2EC1AD}
	EndGlobalSection
	GlobalSection(ExtensibilityGlobals) = postSolution
		SolutionGuid = {A0714636-DF3D-4A82-BC01-940F75C830D1}
	EndGlobalSection
EndGlobal
